<Solution>
  <Folder Name="/src/">
    <Project Path="src/Inbox.Contracts/Inbox.Contracts.csproj" />
    <Project Path="src/Inbox.Server/Inbox.Server.csproj" />
    <Project Path="src/Inbox.Client/Inbox.Client.csproj" />
  </Folder>
  <Folder Name="/tests/">
    <Project Path="tests/Inbox.Server.Tests/Inbox.Server.Tests.csproj" />
    <Project Path="tests/Inbox.Client.Tests/Inbox.Client.Tests.csproj" />
  </Folder>
</Solution>
